
Microsoft Visual Studio Solution File, Format Version 12.00
# Visual Studio Version 17
VisualStudioVersion = 17.8.34309.116
MinimumVisualStudioVersion = 10.0.40219.1
Project("{FAE04EC0-301F-11D3-BF4B-00C04F79EFBC}") = "Week13SQLiteDB", "Week13SQLiteDB\Week13SQLiteDB.csproj", "{59266216-EFC2-4FFE-8AFC-8738F7B68DC0}"
EndProject
Global
	GlobalSection(SolutionConfigurationPlatforms) = preSolution
		Debug|Any CPU = Debug|Any CPU
		Release|Any CPU = Release|Any CPU
	EndGlobalSection
	GlobalSection(ProjectConfigurationPlatforms) = postSolution
		{59266216-EFC2-4FFE-8AFC-8738F7B68DC0}.Debug|Any CPU.ActiveCfg = Debug|Any CPU
		{59266216-EFC2-4FFE-8AFC-8738F7B68DC0}.Debug|Any CPU.Build.0 = Debug|Any CPU
		{59266216-EFC2-4FFE-8AFC-8738F7B68DC0}.Release|Any CPU.ActiveCfg = Release|Any CPU
		{59266216-EFC2-4FFE-8AFC-8738F7B68DC0}.Release|Any CPU.Build.0 = Release|Any CPU
	EndGlobalSection
	GlobalSection(SolutionProperties) = preSolution
		HideSolutionNode = FALSE
	EndGlobalSection
	GlobalSection(ExtensibilityGlobals) = postSolution
		SolutionGuid = {DAE40F7D-2390-490F-A9FC-9D2134FA5ED4}
	EndGlobalSection
EndGlobal
